
Microsoft Visual Studio Solution File, Format Version 12.00
# Visual Studio Version 17
VisualStudioVersion = 17.5.33502.453
MinimumVisualStudioVersion = 10.0.40219.1
Project("{9A19103F-16F7-4668-BE54-9A1E7A4F7556}") = "PropertyServices", "GraphQlTest\PropertyServices.csproj", "{C98456F1-0D77-4812-9D5E-F865AC0DF029}"
EndProject
Project("{FAE04EC0-301F-11D3-BF4B-00C04F79EFBC}") = "ProductService", "ProductService\ProductService.csproj", "{FB357E24-1E88-43B3-B794-7D978436250B}"
EndProject
Global
	GlobalSection(SolutionConfigurationPlatforms) = preSolution
		Debug|Any CPU = Debug|Any CPU
		Release|Any CPU = Release|Any CPU
	EndGlobalSection
	GlobalSection(ProjectConfigurationPlatforms) = postSolution
		{C98456F1-0D77-4812-9D5E-F865AC0DF029}.Debug|Any CPU.ActiveCfg = Debug|Any CPU
		{C98456F1-0D77-4812-9D5E-F865AC0DF029}.Debug|Any CPU.Build.0 = Debug|Any CPU
		{C98456F1-0D77-4812-9D5E-F865AC0DF029}.Release|Any CPU.ActiveCfg = Release|Any CPU
		{C98456F1-0D77-4812-9D5E-F865AC0DF029}.Release|Any CPU.Build.0 = Release|Any CPU
		{FB357E24-1E88-43B3-B794-7D978436250B}.Debug|Any CPU.ActiveCfg = Debug|Any CPU
		{FB357E24-1E88-43B3-B794-7D978436250B}.Debug|Any CPU.Build.0 = Debug|Any CPU
		{FB357E24-1E88-43B3-B794-7D978436250B}.Release|Any CPU.ActiveCfg = Release|Any CPU
		{FB357E24-1E88-43B3-B794-7D978436250B}.Release|Any CPU.Build.0 = Release|Any CPU
	EndGlobalSection
	GlobalSection(SolutionProperties) = preSolution
		HideSolutionNode = FALSE
	EndGlobalSection
	GlobalSection(ExtensibilityGlobals) = postSolution
		SolutionGuid = {7E2BCB0C-297C-4562-AE37-8965BE650AB0}
	EndGlobalSection
EndGlobal
