
Microsoft Visual Studio Solution File, Format Version 12.00
# Visual Studio Version 17
VisualStudioVersion = 17.5.33502.453
MinimumVisualStudioVersion = 10.0.40219.1
Project("{9A19103F-16F7-4668-BE54-9A1E7A4F7556}") = "PropertyService", "PropertyService\PropertyService.csproj", "{C98456F1-0D77-4812-9D5E-F865AC0DF029}"
EndProject
Project("{9A19103F-16F7-4668-BE54-9A1E7A4F7556}") = "ProductService", "ProductService\ProductService.csproj", "{FB357E24-1E88-43B3-B794-7D978436250B}"
EndProject
Project("{FAE04EC0-301F-11D3-BF4B-00C04F79EFBC}") = "ProxyService", "ProxyService\ProxyService.csproj", "{D978F144-2C85-4067-9AD9-1E36D220F787}"
EndProject
Project("{FAE04EC0-301F-11D3-BF4B-00C04F79EFBC}") = "Common", "Common\Common.csproj", "{46E4B6EB-69FB-406B-85CA-4D68438D261F}"
EndProject
Global
	GlobalSection(SolutionConfigurationPlatforms) = preSolution
		Debug|Any CPU = Debug|Any CPU
		Release|Any CPU = Release|Any CPU
	EndGlobalSection
	GlobalSection(ProjectConfigurationPlatforms) = postSolution
		{C98456F1-0D77-4812-9D5E-F865AC0DF029}.Debug|Any CPU.ActiveCfg = Debug|Any CPU
		{C98456F1-0D77-4812-9D5E-F865AC0DF029}.Debug|Any CPU.Build.0 = Debug|Any CPU
		{C98456F1-0D77-4812-9D5E-F865AC0DF029}.Release|Any CPU.ActiveCfg = Release|Any CPU
		{C98456F1-0D77-4812-9D5E-F865AC0DF029}.Release|Any CPU.Build.0 = Release|Any CPU
		{FB357E24-1E88-43B3-B794-7D978436250B}.Debug|Any CPU.ActiveCfg = Debug|Any CPU
		{FB357E24-1E88-43B3-B794-7D978436250B}.Debug|Any CPU.Build.0 = Debug|Any CPU
		{FB357E24-1E88-43B3-B794-7D978436250B}.Release|Any CPU.ActiveCfg = Release|Any CPU
		{FB357E24-1E88-43B3-B794-7D978436250B}.Release|Any CPU.Build.0 = Release|Any CPU
		{D978F144-2C85-4067-9AD9-1E36D220F787}.Debug|Any CPU.ActiveCfg = Debug|Any CPU
		{D978F144-2C85-4067-9AD9-1E36D220F787}.Debug|Any CPU.Build.0 = Debug|Any CPU
		{D978F144-2C85-4067-9AD9-1E36D220F787}.Release|Any CPU.ActiveCfg = Release|Any CPU
		{D978F144-2C85-4067-9AD9-1E36D220F787}.Release|Any CPU.Build.0 = Release|Any CPU
		{46E4B6EB-69FB-406B-85CA-4D68438D261F}.Debug|Any CPU.ActiveCfg = Debug|Any CPU
		{46E4B6EB-69FB-406B-85CA-4D68438D261F}.Debug|Any CPU.Build.0 = Debug|Any CPU
		{46E4B6EB-69FB-406B-85CA-4D68438D261F}.Release|Any CPU.ActiveCfg = Release|Any CPU
		{46E4B6EB-69FB-406B-85CA-4D68438D261F}.Release|Any CPU.Build.0 = Release|Any CPU
	EndGlobalSection
	GlobalSection(SolutionProperties) = preSolution
		HideSolutionNode = FALSE
	EndGlobalSection
	GlobalSection(ExtensibilityGlobals) = postSolution
		SolutionGuid = {7E2BCB0C-297C-4562-AE37-8965BE650AB0}
	EndGlobalSection
EndGlobal
